{
  "nodes": {
    "nixpkgs": {
      "locked": {
        "lastModified": 1736943799,
        "narHash": "sha256-BYsp8PA1j691FupfrLVOQzm4CaYaKtkh4U+KuGMnBWw=",
        "owner": "NixOS",
        "repo": "nixpkgs",
        "rev": "ae2fb9f1fb5fcf17fb59f25c2a881c170c501d6f",
        "type": "github"
      },
      "original": {
        "owner": "NixOS",
        "ref": "nixpkgs-unstable",
        "repo": "nixpkgs",
        "type": "github"
      }
    },
    "root": {
      "inputs": {
        "nixpkgs": "nixpkgs"
      }
    }
  },
  "root": "root",
  "version": 7
}
